
Microsoft Visual Studio Solution File, Format Version 12.00
# Visual Studio Version 16
VisualStudioVersion = 16.0.31911.196
MinimumVisualStudioVersion = 10.0.40219.1
Project("{9A19103F-16F7-4668-BE54-9A1E7A4F7556}") = "CinemaLibrary", "CinemaLibrary\CinemaLibrary.csproj", "{B7E048C8-7DF9-4041-8E2D-22B5BE2861E6}"
EndProject
Project("{9A19103F-16F7-4668-BE54-9A1E7A4F7556}") = "Cinema", "Cinema\Cinema.csproj", "{0E89618F-E1C0-4E3D-8983-5D9922A79A8E}"
EndProject
Project("{9A19103F-16F7-4668-BE54-9A1E7A4F7556}") = "CinemaApp", "CinemaApp\CinemaApp.csproj", "{AF614D60-6D86-4FA0-9E97-714FA80D923B}"
EndProject
Global
	GlobalSection(SolutionConfigurationPlatforms) = preSolution
		Debug|Any CPU = Debug|Any CPU
		Release|Any CPU = Release|Any CPU
	EndGlobalSection
	GlobalSection(ProjectConfigurationPlatforms) = postSolution
		{B7E048C8-7DF9-4041-8E2D-22B5BE2861E6}.Debug|Any CPU.ActiveCfg = Debug|Any CPU
		{B7E048C8-7DF9-4041-8E2D-22B5BE2861E6}.Debug|Any CPU.Build.0 = Debug|Any CPU
		{B7E048C8-7DF9-4041-8E2D-22B5BE2861E6}.Release|Any CPU.ActiveCfg = Release|Any CPU
		{B7E048C8-7DF9-4041-8E2D-22B5BE2861E6}.Release|Any CPU.Build.0 = Release|Any CPU
		{0E89618F-E1C0-4E3D-8983-5D9922A79A8E}.Debug|Any CPU.ActiveCfg = Debug|Any CPU
		{0E89618F-E1C0-4E3D-8983-5D9922A79A8E}.Debug|Any CPU.Build.0 = Debug|Any CPU
		{0E89618F-E1C0-4E3D-8983-5D9922A79A8E}.Release|Any CPU.ActiveCfg = Release|Any CPU
		{0E89618F-E1C0-4E3D-8983-5D9922A79A8E}.Release|Any CPU.Build.0 = Release|Any CPU
		{AF614D60-6D86-4FA0-9E97-714FA80D923B}.Debug|Any CPU.ActiveCfg = Debug|Any CPU
		{AF614D60-6D86-4FA0-9E97-714FA80D923B}.Debug|Any CPU.Build.0 = Debug|Any CPU
		{AF614D60-6D86-4FA0-9E97-714FA80D923B}.Release|Any CPU.ActiveCfg = Release|Any CPU
		{AF614D60-6D86-4FA0-9E97-714FA80D923B}.Release|Any CPU.Build.0 = Release|Any CPU
	EndGlobalSection
	GlobalSection(SolutionProperties) = preSolution
		HideSolutionNode = FALSE
	EndGlobalSection
	GlobalSection(ExtensibilityGlobals) = postSolution
		SolutionGuid = {272564F8-17BA-4C4E-B845-F947FE687C71}
	EndGlobalSection
EndGlobal
